
Microsoft Visual Studio Solution File, Format Version 12.00
# Visual Studio 15
VisualStudioVersion = 15.0.28010.2046
MinimumVisualStudioVersion = 10.0.40219.1
Project("{9A19103F-16F7-4668-BE54-9A1E7A4F7556}") = "Conecta", "Conecta\Conecta.csproj", "{45DDECF4-589C-4DBA-A5B4-A4D20CD38B36}"
EndProject
Project("{FAE04EC0-301F-11D3-BF4B-00C04F79EFBC}") = "Conecta.Tests", "Conecta.Tests\Conecta.Tests.csproj", "{988B7981-497F-4B4C-921B-B04B9E8DA244}"
EndProject
Global
	GlobalSection(SolutionConfigurationPlatforms) = preSolution
		Debug|Any CPU = Debug|Any CPU
		Release|Any CPU = Release|Any CPU
	EndGlobalSection
	GlobalSection(ProjectConfigurationPlatforms) = postSolution
		{45DDECF4-589C-4DBA-A5B4-A4D20CD38B36}.Debug|Any CPU.ActiveCfg = Debug|Any CPU
		{45DDECF4-589C-4DBA-A5B4-A4D20CD38B36}.Debug|Any CPU.Build.0 = Debug|Any CPU
		{45DDECF4-589C-4DBA-A5B4-A4D20CD38B36}.Release|Any CPU.ActiveCfg = Release|Any CPU
		{45DDECF4-589C-4DBA-A5B4-A4D20CD38B36}.Release|Any CPU.Build.0 = Release|Any CPU
		{988B7981-497F-4B4C-921B-B04B9E8DA244}.Debug|Any CPU.ActiveCfg = Debug|Any CPU
		{988B7981-497F-4B4C-921B-B04B9E8DA244}.Debug|Any CPU.Build.0 = Debug|Any CPU
		{988B7981-497F-4B4C-921B-B04B9E8DA244}.Release|Any CPU.ActiveCfg = Release|Any CPU
		{988B7981-497F-4B4C-921B-B04B9E8DA244}.Release|Any CPU.Build.0 = Release|Any CPU
	EndGlobalSection
	GlobalSection(SolutionProperties) = preSolution
		HideSolutionNode = FALSE
	EndGlobalSection
	GlobalSection(ExtensibilityGlobals) = postSolution
		SolutionGuid = {C7FBE74A-4FE8-4FD4-987A-B9B7110B51C3}
	EndGlobalSection
EndGlobal
